// !$*UTF8*$!
{
	archiveVersion = 1;
	classes = {
	};
	objectVersion = 56;
	objects = {

/* Begin PBXBuildFile section */
		665BA03328CADDB6005FC24C /* DequeModule in Frameworks */ = {isa = PBXBuildFile; productRef = 665BA03228CADDB6005FC24C /* DequeModule */; };
		666386F228BACF5D00F7BD88 /* iCloud_Drive_BackupApp.swift in Sources */ = {isa = PBXBuildFile; fileRef = 666386F128BACF5D00F7BD88 /* iCloud_Drive_BackupApp.swift */; };
		666386F428BACF5D00F7BD88 /* ContentView.swift in Sources */ = {isa = PBXBuildFile; fileRef = 666386F328BACF5D00F7BD88 /* ContentView.swift */; };
		666386F628BACF5F00F7BD88 /* Assets.xcassets in Resources */ = {isa = PBXBuildFile; fileRef = 666386F528BACF5F00F7BD88 /* Assets.xcassets */; };
		666386F928BACF5F00F7BD88 /* Preview Assets.xcassets in Resources */ = {isa = PBXBuildFile; fileRef = 666386F828BACF5F00F7BD88 /* Preview Assets.xcassets */; };
		6663870128BACFD800F7BD88 /* BackupManager.swift in Sources */ = {isa = PBXBuildFile; fileRef = 6663870028BACFD800F7BD88 /* BackupManager.swift */; };
/* End PBXBuildFile section */

/* Begin PBXFileReference section */
		666386EE28BACF5D00F7BD88 /* iCloud Drive Backup.app */ = {isa = PBXFileReference; explicitFileType = wrapper.application; includeInIndex = 0; path = "iCloud Drive Backup.app"; sourceTree = BUILT_PRODUCTS_DIR; };
		666386F128BACF5D00F7BD88 /* iCloud_Drive_BackupApp.swift */ = {isa = PBXFileReference; lastKnownFileType = sourcecode.swift; path = iCloud_Drive_BackupApp.swift; sourceTree = "<group>"; };
		666386F328BACF5D00F7BD88 /* ContentView.swift */ = {isa = PBXFileReference; lastKnownFileType = sourcecode.swift; path = ContentView.swift; sourceTree = "<group>"; };
		666386F528BACF5F00F7BD88 /* Assets.xcassets */ = {isa = PBXFileReference; lastKnownFileType = folder.assetcatalog; path = Assets.xcassets; sourceTree = "<group>"; };
		666386F828BACF5F00F7BD88 /* Preview Assets.xcassets */ = {isa = PBXFileReference; lastKnownFileType = folder.assetcatalog; path = "Preview Assets.xcassets"; sourceTree = "<group>"; };
		666386FA28BACF5F00F7BD88 /* iCloud_Drive_Backup.entitlements */ = {isa = PBXFileReference; lastKnownFileType = text.plist.entitlements; path = iCloud_Drive_Backup.entitlements; sourceTree = "<group>"; };
		6663870028BACFD800F7BD88 /* BackupManager.swift */ = {isa = PBXFileReference; lastKnownFileType = sourcecode.swift; path = BackupManager.swift; sourceTree = "<group>"; };
/* End PBXFileReference section */

/* Begin PBXFrameworksBuildPhase section */
		666386EB28BACF5D00F7BD88 /* Frameworks */ = {
			isa = PBXFrameworksBuildPhase;
			buildActionMask = 2147483647;
			files = (
				665BA03328CADDB6005FC24C /* DequeModule in Frameworks */,
			);
			runOnlyForDeploymentPostprocessing = 0;
		};
/* End PBXFrameworksBuildPhase section */

/* Begin PBXGroup section */
		666386E528BACF5D00F7BD88 = {
			isa = PBXGroup;
			children = (
				666386F028BACF5D00F7BD88 /* iCloud Drive Backup */,
				666386EF28BACF5D00F7BD88 /* Products */,
			);
			sourceTree = "<group>";
		};
		666386EF28BACF5D00F7BD88 /* Products */ = {
			isa = PBXGroup;
			children = (
				666386EE28BACF5D00F7BD88 /* iCloud Drive Backup.app */,
			);
			name = Products;
			sourceTree = "<group>";
		};
		666386F028BACF5D00F7BD88 /* iCloud Drive Backup */ = {
			isa = PBXGroup;
			children = (
				666386F128BACF5D00F7BD88 /* iCloud_Drive_BackupApp.swift */,
				666386F328BACF5D00F7BD88 /* ContentView.swift */,
				6663870028BACFD800F7BD88 /* BackupManager.swift */,
				666386F528BACF5F00F7BD88 /* Assets.xcassets */,
				666386FA28BACF5F00F7BD88 /* iCloud_Drive_Backup.entitlements */,
				666386F728BACF5F00F7BD88 /* Preview Content */,
			);
			path = "iCloud Drive Backup";
			sourceTree = "<group>";
		};
		666386F728BACF5F00F7BD88 /* Preview Content */ = {
			isa = PBXGroup;
			children = (
				666386F828BACF5F00F7BD88 /* Preview Assets.xcassets */,
			);
			path = "Preview Content";
			sourceTree = "<group>";
		};
/* End PBXGroup section */

/* Begin PBXNativeTarget section */
		666386ED28BACF5D00F7BD88 /* iCloud Drive Backup */ = {
			isa = PBXNativeTarget;
			buildConfigurationList = 666386FD28BACF5F00F7BD88 /* Build configuration list for PBXNativeTarget "iCloud Drive Backup" */;
			buildPhases = (
				666386EA28BACF5D00F7BD88 /* Sources */,
				666386EB28BACF5D00F7BD88 /* Frameworks */,
				666386EC28BACF5D00F7BD88 /* Resources */,
			);
			buildRules = (
			);
			dependencies = (
			);
			name = "iCloud Drive Backup";
			packageProductDependencies = (
				665BA03228CADDB6005FC24C /* DequeModule */,
			);
			productName = "iCloud Drive Backup";
			productReference = 666386EE28BACF5D00F7BD88 /* iCloud Drive Backup.app */;
			productType = "com.apple.product-type.application";
		};
/* End PBXNativeTarget section */

/* Begin PBXProject section */
		666386E628BACF5D00F7BD88 /* Project object */ = {
			isa = PBXProject;
			attributes = {
				BuildIndependentTargetsInParallel = 1;
				LastSwiftUpdateCheck = 1400;
				LastUpgradeCheck = 1400;
				TargetAttributes = {
					666386ED28BACF5D00F7BD88 = {
						CreatedOnToolsVersion = 14.0;
					};
				};
			};
			buildConfigurationList = 666386E928BACF5D00F7BD88 /* Build configuration list for PBXProject "iCloud Drive Backup" */;
			compatibilityVersion = "Xcode 14.0";
			developmentRegion = en;
			hasScannedForEncodings = 0;
			knownRegions = (
				en,
				Base,
			);
			mainGroup = 666386E528BACF5D00F7BD88;
			packageReferences = (
				665BA03128CADDB5005FC24C /* XCRemoteSwiftPackageReference "swift-collections" */,
			);
			productRefGroup = 666386EF28BACF5D00F7BD88 /* Products */;
			projectDirPath = "";
			projectRoot = "";
			targets = (
				666386ED28BACF5D00F7BD88 /* iCloud Drive Backup */,
			);
		};
/* End PBXProject section */

/* Begin PBXResourcesBuildPhase section */
		666386EC28BACF5D00F7BD88 /* Resources */ = {
			isa = PBXResourcesBuildPhase;
			buildActionMask = 2147483647;
			files = (
				666386F928BACF5F00F7BD88 /* Preview Assets.xcassets in Resources */,
				666386F628BACF5F00F7BD88 /* Assets.xcassets in Resources */,
			);
			runOnlyForDeploymentPostprocessing = 0;
		};
/* End PBXResourcesBuildPhase section */

/* Begin PBXSourcesBuildPhase section */
		666386EA28BACF5D00F7BD88 /* Sources */ = {
			isa = PBXSourcesBuildPhase;
			buildActionMask = 2147483647;
			files = (
				666386F428BACF5D00F7BD88 /* ContentView.swift in Sources */,
				6663870128BACFD800F7BD88 /* BackupManager.swift in Sources */,
				666386F228BACF5D00F7BD88 /* iCloud_Drive_BackupApp.swift in Sources */,
			);
			runOnlyForDeploymentPostprocessing = 0;
		};
/* End PBXSourcesBuildPhase section */

/* Begin XCBuildConfiguration section */
		666386FB28BACF5F00F7BD88 /* Debug */ = {
			isa = XCBuildConfiguration;
			buildSettings = {
				ALWAYS_SEARCH_USER_PATHS = NO;
				CLANG_ANALYZER_NONNULL = YES;
				CLANG_ANALYZER_NUMBER_OBJECT_CONVERSION = YES_AGGRESSIVE;
				CLANG_CXX_LANGUAGE_STANDARD = "gnu++20";
				CLANG_ENABLE_MODULES = YES;
				CLANG_ENABLE_OBJC_ARC = YES;
				CLANG_ENABLE_OBJC_WEAK = YES;
				CLANG_WARN_BLOCK_CAPTURE_AUTORELEASING = YES;
				CLANG_WARN_BOOL_CONVERSION = YES;
				CLANG_WARN_COMMA = YES;
				CLANG_WARN_CONSTANT_CONVERSION = YES;
				CLANG_WARN_DEPRECATED_OBJC_IMPLEMENTATIONS = YES;
				CLANG_WARN_DIRECT_OBJC_ISA_USAGE = YES_ERROR;
				CLANG_WARN_DOCUMENTATION_COMMENTS = YES;
				CLANG_WARN_EMPTY_BODY = YES;
				CLANG_WARN_ENUM_CONVERSION = YES;
				CLANG_WARN_INFINITE_RECURSION = YES;
				CLANG_WARN_INT_CONVERSION = YES;
				CLANG_WARN_NON_LITERAL_NULL_CONVERSION = YES;
				CLANG_WARN_OBJC_IMPLICIT_RETAIN_SELF = YES;
				CLANG_WARN_OBJC_LITERAL_CONVERSION = YES;
				CLANG_WARN_OBJC_ROOT_CLASS = YES_ERROR;
				CLANG_WARN_QUOTED_INCLUDE_IN_FRAMEWORK_HEADER = YES;
				CLANG_WARN_RANGE_LOOP_ANALYSIS = YES;
				CLANG_WARN_STRICT_PROTOTYPES = YES;
				CLANG_WARN_SUSPICIOUS_MOVE = YES;
				CLANG_WARN_UNGUARDED_AVAILABILITY = YES_AGGRESSIVE;
				CLANG_WARN_UNREACHABLE_CODE = YES;
				CLANG_WARN__DUPLICATE_METHOD_MATCH = YES;
				COPY_PHASE_STRIP = NO;
				DEBUG_INFORMATION_FORMAT = dwarf;
				ENABLE_STRICT_OBJC_MSGSEND = YES;
				ENABLE_TESTABILITY = YES;
				GCC_C_LANGUAGE_STANDARD = gnu11;
				GCC_DYNAMIC_NO_PIC = NO;
				GCC_NO_COMMON_BLOCKS = YES;
				GCC_OPTIMIZATION_LEVEL = 0;
				GCC_PREPROCESSOR_DEFINITIONS = (
					"DEBUG=1",
					"$(inherited)",
				);
				GCC_WARN_64_TO_32_BIT_CONVERSION = YES;
				GCC_WARN_ABOUT_RETURN_TYPE = YES_ERROR;
				GCC_WARN_UNDECLARED_SELECTOR = YES;
				GCC_WARN_UNINITIALIZED_AUTOS = YES_AGGRESSIVE;
				GCC_WARN_UNUSED_FUNCTION = YES;
				GCC_WARN_UNUSED_VARIABLE = YES;
				MACOSX_DEPLOYMENT_TARGET = 13.0;
				MTL_ENABLE_DEBUG_INFO = INCLUDE_SOURCE;
				MTL_FAST_MATH = YES;
				ONLY_ACTIVE_ARCH = YES;
				SDKROOT = macosx;
				SWIFT_ACTIVE_COMPILATION_CONDITIONS = DEBUG;
				SWIFT_OPTIMIZATION_LEVEL = "-Onone";
			};
			name = Debug;
		};
		666386FC28BACF5F00F7BD88 /* Release */ = {
			isa = XCBuildConfiguration;
			buildSettings = {
				ALWAYS_SEARCH_USER_PATHS = NO;
				CLANG_ANALYZER_NONNULL = YES;
				CLANG_ANALYZER_NUMBER_OBJECT_CONVERSION = YES_AGGRESSIVE;
				CLANG_CXX_LANGUAGE_STANDARD = "gnu++20";
				CLANG_ENABLE_MODULES = YES;
				CLANG_ENABLE_OBJC_ARC = YES;
				CLANG_ENABLE_OBJC_WEAK = YES;
				CLANG_WARN_BLOCK_CAPTURE_AUTORELEASING = YES;
				CLANG_WARN_BOOL_CONVERSION = YES;
				CLANG_WARN_COMMA = YES;
				CLANG_WARN_CONSTANT_CONVERSION = YES;
				CLANG_WARN_DEPRECATED_OBJC_IMPLEMENTATIONS = YES;
				CLANG_WARN_DIRECT_OBJC_ISA_USAGE = YES_ERROR;
				CLANG_WARN_DOCUMENTATION_COMMENTS = YES;
				CLANG_WARN_EMPTY_BODY = YES;
				CLANG_WARN_ENUM_CONVERSION = YES;
				CLANG_WARN_INFINITE_RECURSION = YES;
				CLANG_WARN_INT_CONVERSION = YES;
				CLANG_WARN_NON_LITERAL_NULL_CONVERSION = YES;
				CLANG_WARN_OBJC_IMPLICIT_RETAIN_SELF = YES;
				CLANG_WARN_OBJC_LITERAL_CONVERSION = YES;
				CLANG_WARN_OBJC_ROOT_CLASS = YES_ERROR;
				CLANG_WARN_QUOTED_INCLUDE_IN_FRAMEWORK_HEADER = YES;
				CLANG_WARN_RANGE_LOOP_ANALYSIS = YES;
				CLANG_WARN_STRICT_PROTOTYPES = YES;
				CLANG_WARN_SUSPICIOUS_MOVE = YES;
				CLANG_WARN_UNGUARDED_AVAILABILITY = YES_AGGRESSIVE;
				CLANG_WARN_UNREACHABLE_CODE = YES;
				CLANG_WARN__DUPLICATE_METHOD_MATCH = YES;
				COPY_PHASE_STRIP = NO;
				DEBUG_INFORMATION_FORMAT = "dwarf-with-dsym";
				ENABLE_NS_ASSERTIONS = NO;
				ENABLE_STRICT_OBJC_MSGSEND = YES;
				GCC_C_LANGUAGE_STANDARD = gnu11;
				GCC_NO_COMMON_BLOCKS = YES;
				GCC_WARN_64_TO_32_BIT_CONVERSION = YES;
				GCC_WARN_ABOUT_RETURN_TYPE = YES_ERROR;
				GCC_WARN_UNDECLARED_SELECTOR = YES;
				GCC_WARN_UNINITIALIZED_AUTOS = YES_AGGRESSIVE;
				GCC_WARN_UNUSED_FUNCTION = YES;
				GCC_WARN_UNUSED_VARIABLE = YES;
				MACOSX_DEPLOYMENT_TARGET = 13.0;
				MTL_ENABLE_DEBUG_INFO = NO;
				MTL_FAST_MATH = YES;
				SDKROOT = macosx;
				SWIFT_COMPILATION_MODE = wholemodule;
				SWIFT_OPTIMIZATION_LEVEL = "-O";
			};
			name = Release;
		};
		666386FE28BACF5F00F7BD88 /* Debug */ = {
			isa = XCBuildConfiguration;
			buildSettings = {
				ASSETCATALOG_COMPILER_APPICON_NAME = AppIcon;
				ASSETCATALOG_COMPILER_GLOBAL_ACCENT_COLOR_NAME = AccentColor;
				CODE_SIGN_ENTITLEMENTS = "iCloud Drive Backup/iCloud_Drive_Backup.entitlements";
				CODE_SIGN_STYLE = Automatic;
				COMBINE_HIDPI_IMAGES = YES;
				CURRENT_PROJECT_VERSION = 1;
				DEVELOPMENT_ASSET_PATHS = "\"iCloud Drive Backup/Preview Content\"";
				DEVELOPMENT_TEAM = 39QG79F7FD;
				ENABLE_HARDENED_RUNTIME = YES;
				ENABLE_PREVIEWS = YES;
				GENERATE_INFOPLIST_FILE = YES;
				INFOPLIST_KEY_NSHumanReadableCopyright = "";
				LD_RUNPATH_SEARCH_PATHS = (
					"$(inherited)",
					"@executable_path/../Frameworks",
				);
				MACOSX_DEPLOYMENT_TARGET = 12.3;
				MARKETING_VERSION = 1.0;
				PRODUCT_BUNDLE_IDENTIFIER = "dev.ezekiel.iCloud-Drive-Backup";
				PRODUCT_NAME = "$(TARGET_NAME)";
				SWIFT_EMIT_LOC_STRINGS = YES;
				SWIFT_VERSION = 5.0;
			};
			name = Debug;
		};
		666386FF28BACF5F00F7BD88 /* Release */ = {
			isa = XCBuildConfiguration;
			buildSettings = {
				ASSETCATALOG_COMPILER_APPICON_NAME = AppIcon;
				ASSETCATALOG_COMPILER_GLOBAL_ACCENT_COLOR_NAME = AccentColor;
				CODE_SIGN_ENTITLEMENTS = "iCloud Drive Backup/iCloud_Drive_Backup.entitlements";
				CODE_SIGN_STYLE = Automatic;
				COMBINE_HIDPI_IMAGES = YES;
				CURRENT_PROJECT_VERSION = 1;
				DEVELOPMENT_ASSET_PATHS = "\"iCloud Drive Backup/Preview Content\"";
				DEVELOPMENT_TEAM = 39QG79F7FD;
				ENABLE_HARDENED_RUNTIME = YES;
				ENABLE_PREVIEWS = YES;
				GENERATE_INFOPLIST_FILE = YES;
				INFOPLIST_KEY_NSHumanReadableCopyright = "";
				LD_RUNPATH_SEARCH_PATHS = (
					"$(inherited)",
					"@executable_path/../Frameworks",
				);
				MACOSX_DEPLOYMENT_TARGET = 12.3;
				MARKETING_VERSION = 1.0;
				PRODUCT_BUNDLE_IDENTIFIER = "dev.ezekiel.iCloud-Drive-Backup";
				PRODUCT_NAME = "$(TARGET_NAME)";
				SWIFT_EMIT_LOC_STRINGS = YES;
				SWIFT_VERSION = 5.0;
			};
			name = Release;
		};
/* End XCBuildConfiguration section */

/* Begin XCConfigurationList section */
		666386E928BACF5D00F7BD88 /* Build configuration list for PBXProject "iCloud Drive Backup" */ = {
			isa = XCConfigurationList;
			buildConfigurations = (
				666386FB28BACF5F00F7BD88 /* Debug */,
				666386FC28BACF5F00F7BD88 /* Release */,
			);
			defaultConfigurationIsVisible = 0;
			defaultConfigurationName = Release;
		};
		666386FD28BACF5F00F7BD88 /* Build configuration list for PBXNativeTarget "iCloud Drive Backup" */ = {
			isa = XCConfigurationList;
			buildConfigurations = (
				666386FE28BACF5F00F7BD88 /* Debug */,
				666386FF28BACF5F00F7BD88 /* Release */,
			);
			defaultConfigurationIsVisible = 0;
			defaultConfigurationName = Release;
		};
/* End XCConfigurationList section */

/* Begin XCRemoteSwiftPackageReference section */
		665BA03128CADDB5005FC24C /* XCRemoteSwiftPackageReference "swift-collections" */ = {
			isa = XCRemoteSwiftPackageReference;
			repositoryURL = "https://github.com/apple/swift-collections.git";
			requirement = {
				kind = upToNextMajorVersion;
				minimumVersion = 1.0.0;
			};
		};
/* End XCRemoteSwiftPackageReference section */

/* Begin XCSwiftPackageProductDependency section */
		665BA03228CADDB6005FC24C /* DequeModule */ = {
			isa = XCSwiftPackageProductDependency;
			package = 665BA03128CADDB5005FC24C /* XCRemoteSwiftPackageReference "swift-collections" */;
			productName = DequeModule;
		};
/* End XCSwiftPackageProductDependency section */
	};
	rootObject = 666386E628BACF5D00F7BD88 /* Project object */;
}
